github.com/amonvix/dog v0.0.0-20251124002039-d8cf7ec62c51 h1:+J7+WcuoZQ4j2cxTZ51MmLhvt7lVBKIm5IMlLytlmyo=
github.com/amonvix/dog v0.0.0-20251124002039-d8cf7ec62c51/go.mod h1:OGuDqOBdlVarpYbofghRu0nldE7YnYUjb+whqKzL+5A=
github.com/amonvix/dog v0.0.0-20251124002731-f8477fcc6195 h1:VBUDjHdRr1lZ/jDq4sxiLbon/yELil58N+NQqDd60hA=
github.com/amonvix/dog v0.0.0-20251124002731-f8477fcc6195/go.mod h1:OGuDqOBdlVarpYbofghRu0nldE7YnYUjb+whqKzL+5A=
